
Microsoft Visual Studio Solution File, Format Version 12.00
# Visual Studio Version 17
VisualStudioVersion = 17.6.33829.357
MinimumVisualStudioVersion = 10.0.40219.1
Project("{9A19103F-16F7-4668-BE54-9A1E7A4F7556}") = "Network Screenshot", "Network Screenshot\Network Screenshot.csproj", "{DECD83A2-AF08-4550-8F40-3DFF3A4EC990}"
EndProject
Project("{FAE04EC0-301F-11D3-BF4B-00C04F79EFBC}") = "Server", "Server\Server.csproj", "{92B42767-4695-4772-834F-94B454301B17}"
EndProject
Global
	GlobalSection(SolutionConfigurationPlatforms) = preSolution
		Debug|Any CPU = Debug|Any CPU
		Release|Any CPU = Release|Any CPU
	EndGlobalSection
	GlobalSection(ProjectConfigurationPlatforms) = postSolution
		{DECD83A2-AF08-4550-8F40-3DFF3A4EC990}.Debug|Any CPU.ActiveCfg = Debug|Any CPU
		{DECD83A2-AF08-4550-8F40-3DFF3A4EC990}.Debug|Any CPU.Build.0 = Debug|Any CPU
		{DECD83A2-AF08-4550-8F40-3DFF3A4EC990}.Release|Any CPU.ActiveCfg = Release|Any CPU
		{DECD83A2-AF08-4550-8F40-3DFF3A4EC990}.Release|Any CPU.Build.0 = Release|Any CPU
		{92B42767-4695-4772-834F-94B454301B17}.Debug|Any CPU.ActiveCfg = Debug|Any CPU
		{92B42767-4695-4772-834F-94B454301B17}.Debug|Any CPU.Build.0 = Debug|Any CPU
		{92B42767-4695-4772-834F-94B454301B17}.Release|Any CPU.ActiveCfg = Release|Any CPU
		{92B42767-4695-4772-834F-94B454301B17}.Release|Any CPU.Build.0 = Release|Any CPU
	EndGlobalSection
	GlobalSection(SolutionProperties) = preSolution
		HideSolutionNode = FALSE
	EndGlobalSection
	GlobalSection(ExtensibilityGlobals) = postSolution
		SolutionGuid = {F9F5D7F7-1A9E-4376-99A4-3CCC63162821}
	EndGlobalSection
EndGlobal
